// !$*UTF8*$!
{
	archiveVersion = 1;
	classes = {
	};
	objectVersion = 50;
	objects = {

/* Begin PBXBuildFile section */
		52C1F4CB252A2BC1004DAAEF /* Assets.xcassets in Resources */ = {isa = PBXBuildFile; fileRef = 52C1F4CA252A2BC1004DAAEF /* Assets.xcassets */; };
		52C1F4D2252A2BC1004DAAEF /* TimeShare MessagesExtension.appex in Embed App Extensions */ = {isa = PBXBuildFile; fileRef = 52C1F4D1252A2BC1004DAAEF /* TimeShare MessagesExtension.appex */; settings = {ATTRIBUTES = (RemoveHeadersOnCopy, ); }; };
		52C1F4D7252A2BC1004DAAEF /* Messages.framework in Frameworks */ = {isa = PBXBuildFile; fileRef = 52C1F4D6252A2BC1004DAAEF /* Messages.framework */; };
		52C1F4DA252A2BC1004DAAEF /* MessagesViewController.swift in Sources */ = {isa = PBXBuildFile; fileRef = 52C1F4D9252A2BC1004DAAEF /* MessagesViewController.swift */; };
		52C1F4DD252A2BC1004DAAEF /* MainInterface.storyboard in Resources */ = {isa = PBXBuildFile; fileRef = 52C1F4DB252A2BC1004DAAEF /* MainInterface.storyboard */; };
		52C1F4DF252A2BC2004DAAEF /* Assets.xcassets in Resources */ = {isa = PBXBuildFile; fileRef = 52C1F4DE252A2BC2004DAAEF /* Assets.xcassets */; };
		52C1F4ED252A3307004DAAEF /* EventViewController.swift in Sources */ = {isa = PBXBuildFile; fileRef = 52C1F4EC252A3307004DAAEF /* EventViewController.swift */; };
/* End PBXBuildFile section */

/* Begin PBXContainerItemProxy section */
		52C1F4D3252A2BC1004DAAEF /* PBXContainerItemProxy */ = {
			isa = PBXContainerItemProxy;
			containerPortal = 52C1F4C1252A2BC0004DAAEF /* Project object */;
			proxyType = 1;
			remoteGlobalIDString = 52C1F4D0252A2BC1004DAAEF;
			remoteInfo = "TimeShare MessagesExtension";
		};
/* End PBXContainerItemProxy section */

/* Begin PBXCopyFilesBuildPhase section */
		52C1F4E6252A2BC2004DAAEF /* Embed App Extensions */ = {
			isa = PBXCopyFilesBuildPhase;
			buildActionMask = 2147483647;
			dstPath = "";
			dstSubfolderSpec = 13;
			files = (
				52C1F4D2252A2BC1004DAAEF /* TimeShare MessagesExtension.appex in Embed App Extensions */,
			);
			name = "Embed App Extensions";
			runOnlyForDeploymentPostprocessing = 0;
		};
/* End PBXCopyFilesBuildPhase section */

/* Begin PBXFileReference section */
		52C1F4C7252A2BC0004DAAEF /* TimeShare.app */ = {isa = PBXFileReference; explicitFileType = wrapper.application; includeInIndex = 0; path = TimeShare.app; sourceTree = BUILT_PRODUCTS_DIR; };
		52C1F4CA252A2BC1004DAAEF /* Assets.xcassets */ = {isa = PBXFileReference; lastKnownFileType = folder.assetcatalog; path = Assets.xcassets; sourceTree = "<group>"; };
		52C1F4CC252A2BC1004DAAEF /* Info.plist */ = {isa = PBXFileReference; lastKnownFileType = text.plist.xml; path = Info.plist; sourceTree = "<group>"; };
		52C1F4D1252A2BC1004DAAEF /* TimeShare MessagesExtension.appex */ = {isa = PBXFileReference; explicitFileType = "wrapper.app-extension"; includeInIndex = 0; path = "TimeShare MessagesExtension.appex"; sourceTree = BUILT_PRODUCTS_DIR; };
		52C1F4D6252A2BC1004DAAEF /* Messages.framework */ = {isa = PBXFileReference; lastKnownFileType = wrapper.framework; name = Messages.framework; path = System/Library/Frameworks/Messages.framework; sourceTree = SDKROOT; };
		52C1F4D9252A2BC1004DAAEF /* MessagesViewController.swift */ = {isa = PBXFileReference; lastKnownFileType = sourcecode.swift; path = MessagesViewController.swift; sourceTree = "<group>"; };
		52C1F4DC252A2BC1004DAAEF /* Base */ = {isa = PBXFileReference; lastKnownFileType = file.storyboard; name = Base; path = Base.lproj/MainInterface.storyboard; sourceTree = "<group>"; };
		52C1F4DE252A2BC2004DAAEF /* Assets.xcassets */ = {isa = PBXFileReference; lastKnownFileType = folder.assetcatalog; path = Assets.xcassets; sourceTree = "<group>"; };
		52C1F4E0252A2BC2004DAAEF /* Info.plist */ = {isa = PBXFileReference; lastKnownFileType = text.plist.xml; path = Info.plist; sourceTree = "<group>"; };
		52C1F4EC252A3307004DAAEF /* EventViewController.swift */ = {isa = PBXFileReference; lastKnownFileType = sourcecode.swift; path = EventViewController.swift; sourceTree = "<group>"; };
/* End PBXFileReference section */

/* Begin PBXFrameworksBuildPhase section */
		52C1F4CE252A2BC1004DAAEF /* Frameworks */ = {
			isa = PBXFrameworksBuildPhase;
			buildActionMask = 2147483647;
			files = (
				52C1F4D7252A2BC1004DAAEF /* Messages.framework in Frameworks */,
			);
			runOnlyForDeploymentPostprocessing = 0;
		};
/* End PBXFrameworksBuildPhase section */

/* Begin PBXGroup section */
		52C1F4C0252A2BC0004DAAEF = {
			isa = PBXGroup;
			children = (
				52C1F4C9252A2BC0004DAAEF /* TimeShare */,
				52C1F4D8252A2BC1004DAAEF /* TimeShare MessagesExtension */,
				52C1F4D5252A2BC1004DAAEF /* Frameworks */,
				52C1F4C8252A2BC0004DAAEF /* Products */,
			);
			sourceTree = "<group>";
		};
		52C1F4C8252A2BC0004DAAEF /* Products */ = {
			isa = PBXGroup;
			children = (
				52C1F4C7252A2BC0004DAAEF /* TimeShare.app */,
				52C1F4D1252A2BC1004DAAEF /* TimeShare MessagesExtension.appex */,
			);
			name = Products;
			sourceTree = "<group>";
		};
		52C1F4C9252A2BC0004DAAEF /* TimeShare */ = {
			isa = PBXGroup;
			children = (
				52C1F4CA252A2BC1004DAAEF /* Assets.xcassets */,
				52C1F4CC252A2BC1004DAAEF /* Info.plist */,
			);
			path = TimeShare;
			sourceTree = "<group>";
		};
		52C1F4D5252A2BC1004DAAEF /* Frameworks */ = {
			isa = PBXGroup;
			children = (
				52C1F4D6252A2BC1004DAAEF /* Messages.framework */,
			);
			name = Frameworks;
			sourceTree = "<group>";
		};
		52C1F4D8252A2BC1004DAAEF /* TimeShare MessagesExtension */ = {
			isa = PBXGroup;
			children = (
				52C1F4D9252A2BC1004DAAEF /* MessagesViewController.swift */,
				52C1F4DB252A2BC1004DAAEF /* MainInterface.storyboard */,
				52C1F4EC252A3307004DAAEF /* EventViewController.swift */,
				52C1F4DE252A2BC2004DAAEF /* Assets.xcassets */,
				52C1F4E0252A2BC2004DAAEF /* Info.plist */,
			);
			path = "TimeShare MessagesExtension";
			sourceTree = "<group>";
		};
/* End PBXGroup section */

/* Begin PBXNativeTarget section */
		52C1F4C6252A2BC0004DAAEF /* TimeShare */ = {
			isa = PBXNativeTarget;
			buildConfigurationList = 52C1F4E7252A2BC2004DAAEF /* Build configuration list for PBXNativeTarget "TimeShare" */;
			buildPhases = (
				52C1F4C5252A2BC0004DAAEF /* Resources */,
				52C1F4E6252A2BC2004DAAEF /* Embed App Extensions */,
			);
			buildRules = (
			);
			dependencies = (
				52C1F4D4252A2BC1004DAAEF /* PBXTargetDependency */,
			);
			name = TimeShare;
			productName = TimeShare;
			productReference = 52C1F4C7252A2BC0004DAAEF /* TimeShare.app */;
			productType = "com.apple.product-type.application.messages";
		};
		52C1F4D0252A2BC1004DAAEF /* TimeShare MessagesExtension */ = {
			isa = PBXNativeTarget;
			buildConfigurationList = 52C1F4E3252A2BC2004DAAEF /* Build configuration list for PBXNativeTarget "TimeShare MessagesExtension" */;
			buildPhases = (
				52C1F4CD252A2BC1004DAAEF /* Sources */,
				52C1F4CE252A2BC1004DAAEF /* Frameworks */,
				52C1F4CF252A2BC1004DAAEF /* Resources */,
			);
			buildRules = (
			);
			dependencies = (
			);
			name = "TimeShare MessagesExtension";
			productName = "TimeShare MessagesExtension";
			productReference = 52C1F4D1252A2BC1004DAAEF /* TimeShare MessagesExtension.appex */;
			productType = "com.apple.product-type.app-extension.messages";
		};
/* End PBXNativeTarget section */

/* Begin PBXProject section */
		52C1F4C1252A2BC0004DAAEF /* Project object */ = {
			isa = PBXProject;
			attributes = {
				LastSwiftUpdateCheck = 1200;
				LastUpgradeCheck = 1200;
				TargetAttributes = {
					52C1F4C6252A2BC0004DAAEF = {
						CreatedOnToolsVersion = 12.0;
					};
					52C1F4D0252A2BC1004DAAEF = {
						CreatedOnToolsVersion = 12.0;
					};
				};
			};
			buildConfigurationList = 52C1F4C4252A2BC0004DAAEF /* Build configuration list for PBXProject "TimeShare" */;
			compatibilityVersion = "Xcode 9.3";
			developmentRegion = en;
			hasScannedForEncodings = 0;
			knownRegions = (
				en,
				Base,
			);
			mainGroup = 52C1F4C0252A2BC0004DAAEF;
			productRefGroup = 52C1F4C8252A2BC0004DAAEF /* Products */;
			projectDirPath = "";
			projectRoot = "";
			targets = (
				52C1F4C6252A2BC0004DAAEF /* TimeShare */,
				52C1F4D0252A2BC1004DAAEF /* TimeShare MessagesExtension */,
			);
		};
/* End PBXProject section */

/* Begin PBXResourcesBuildPhase section */
		52C1F4C5252A2BC0004DAAEF /* Resources */ = {
			isa = PBXResourcesBuildPhase;
			buildActionMask = 2147483647;
			files = (
				52C1F4CB252A2BC1004DAAEF /* Assets.xcassets in Resources */,
			);
			runOnlyForDeploymentPostprocessing = 0;
		};
		52C1F4CF252A2BC1004DAAEF /* Resources */ = {
			isa = PBXResourcesBuildPhase;
			buildActionMask = 2147483647;
			files = (
				52C1F4DF252A2BC2004DAAEF /* Assets.xcassets in Resources */,
				52C1F4DD252A2BC1004DAAEF /* MainInterface.storyboard in Resources */,
			);
			runOnlyForDeploymentPostprocessing = 0;
		};
/* End PBXResourcesBuildPhase section */

/* Begin PBXSourcesBuildPhase section */
		52C1F4CD252A2BC1004DAAEF /* Sources */ = {
			isa = PBXSourcesBuildPhase;
			buildActionMask = 2147483647;
			files = (
				52C1F4DA252A2BC1004DAAEF /* MessagesViewController.swift in Sources */,
				52C1F4ED252A3307004DAAEF /* EventViewController.swift in Sources */,
			);
			runOnlyForDeploymentPostprocessing = 0;
		};
/* End PBXSourcesBuildPhase section */

/* Begin PBXTargetDependency section */
		52C1F4D4252A2BC1004DAAEF /* PBXTargetDependency */ = {
			isa = PBXTargetDependency;
			target = 52C1F4D0252A2BC1004DAAEF /* TimeShare MessagesExtension */;
			targetProxy = 52C1F4D3252A2BC1004DAAEF /* PBXContainerItemProxy */;
		};
/* End PBXTargetDependency section */

/* Begin PBXVariantGroup section */
		52C1F4DB252A2BC1004DAAEF /* MainInterface.storyboard */ = {
			isa = PBXVariantGroup;
			children = (
				52C1F4DC252A2BC1004DAAEF /* Base */,
			);
			name = MainInterface.storyboard;
			sourceTree = "<group>";
		};
/* End PBXVariantGroup section */

/* Begin XCBuildConfiguration section */
		52C1F4E1252A2BC2004DAAEF /* Debug */ = {
			isa = XCBuildConfiguration;
			buildSettings = {
				ALWAYS_SEARCH_USER_PATHS = NO;
				CLANG_ANALYZER_NONNULL = YES;
				CLANG_ANALYZER_NUMBER_OBJECT_CONVERSION = YES_AGGRESSIVE;
				CLANG_CXX_LANGUAGE_STANDARD = "gnu++14";
				CLANG_CXX_LIBRARY = "libc++";
				CLANG_ENABLE_MODULES = YES;
				CLANG_ENABLE_OBJC_ARC = YES;
				CLANG_ENABLE_OBJC_WEAK = YES;
				CLANG_WARN_BLOCK_CAPTURE_AUTORELEASING = YES;
				CLANG_WARN_BOOL_CONVERSION = YES;
				CLANG_WARN_COMMA = YES;
				CLANG_WARN_CONSTANT_CONVERSION = YES;
				CLANG_WARN_DEPRECATED_OBJC_IMPLEMENTATIONS = YES;
				CLANG_WARN_DIRECT_OBJC_ISA_USAGE = YES_ERROR;
				CLANG_WARN_DOCUMENTATION_COMMENTS = YES;
				CLANG_WARN_EMPTY_BODY = YES;
				CLANG_WARN_ENUM_CONVERSION = YES;
				CLANG_WARN_INFINITE_RECURSION = YES;
				CLANG_WARN_INT_CONVERSION = YES;
				CLANG_WARN_NON_LITERAL_NULL_CONVERSION = YES;
				CLANG_WARN_OBJC_IMPLICIT_RETAIN_SELF = YES;
				CLANG_WARN_OBJC_LITERAL_CONVERSION = YES;
				CLANG_WARN_OBJC_ROOT_CLASS = YES_ERROR;
				CLANG_WARN_QUOTED_INCLUDE_IN_FRAMEWORK_HEADER = YES;
				CLANG_WARN_RANGE_LOOP_ANALYSIS = YES;
				CLANG_WARN_STRICT_PROTOTYPES = YES;
				CLANG_WARN_SUSPICIOUS_MOVE = YES;
				CLANG_WARN_UNGUARDED_AVAILABILITY = YES_AGGRESSIVE;
				CLANG_WARN_UNREACHABLE_CODE = YES;
				CLANG_WARN__DUPLICATE_METHOD_MATCH = YES;
				COPY_PHASE_STRIP = NO;
				DEBUG_INFORMATION_FORMAT = dwarf;
				ENABLE_STRICT_OBJC_MSGSEND = YES;
				ENABLE_TESTABILITY = YES;
				GCC_C_LANGUAGE_STANDARD = gnu11;
				GCC_DYNAMIC_NO_PIC = NO;
				GCC_NO_COMMON_BLOCKS = YES;
				GCC_OPTIMIZATION_LEVEL = 0;
				GCC_PREPROCESSOR_DEFINITIONS = (
					"DEBUG=1",
					"$(inherited)",
				);
				GCC_WARN_64_TO_32_BIT_CONVERSION = YES;
				GCC_WARN_ABOUT_RETURN_TYPE = YES_ERROR;
				GCC_WARN_UNDECLARED_SELECTOR = YES;
				GCC_WARN_UNINITIALIZED_AUTOS = YES_AGGRESSIVE;
				GCC_WARN_UNUSED_FUNCTION = YES;
				GCC_WARN_UNUSED_VARIABLE = YES;
				IPHONEOS_DEPLOYMENT_TARGET = 14.0;
				MTL_ENABLE_DEBUG_INFO = INCLUDE_SOURCE;
				MTL_FAST_MATH = YES;
				ONLY_ACTIVE_ARCH = YES;
				SDKROOT = iphoneos;
				SWIFT_ACTIVE_COMPILATION_CONDITIONS = DEBUG;
				SWIFT_OPTIMIZATION_LEVEL = "-Onone";
			};
			name = Debug;
		};
		52C1F4E2252A2BC2004DAAEF /* Release */ = {
			isa = XCBuildConfiguration;
			buildSettings = {
				ALWAYS_SEARCH_USER_PATHS = NO;
				CLANG_ANALYZER_NONNULL = YES;
				CLANG_ANALYZER_NUMBER_OBJECT_CONVERSION = YES_AGGRESSIVE;
				CLANG_CXX_LANGUAGE_STANDARD = "gnu++14";
				CLANG_CXX_LIBRARY = "libc++";
				CLANG_ENABLE_MODULES = YES;
				CLANG_ENABLE_OBJC_ARC = YES;
				CLANG_ENABLE_OBJC_WEAK = YES;
				CLANG_WARN_BLOCK_CAPTURE_AUTORELEASING = YES;
				CLANG_WARN_BOOL_CONVERSION = YES;
				CLANG_WARN_COMMA = YES;
				CLANG_WARN_CONSTANT_CONVERSION = YES;
				CLANG_WARN_DEPRECATED_OBJC_IMPLEMENTATIONS = YES;
				CLANG_WARN_DIRECT_OBJC_ISA_USAGE = YES_ERROR;
				CLANG_WARN_DOCUMENTATION_COMMENTS = YES;
				CLANG_WARN_EMPTY_BODY = YES;
				CLANG_WARN_ENUM_CONVERSION = YES;
				CLANG_WARN_INFINITE_RECURSION = YES;
				CLANG_WARN_INT_CONVERSION = YES;
				CLANG_WARN_NON_LITERAL_NULL_CONVERSION = YES;
				CLANG_WARN_OBJC_IMPLICIT_RETAIN_SELF = YES;
				CLANG_WARN_OBJC_LITERAL_CONVERSION = YES;
				CLANG_WARN_OBJC_ROOT_CLASS = YES_ERROR;
				CLANG_WARN_QUOTED_INCLUDE_IN_FRAMEWORK_HEADER = YES;
				CLANG_WARN_RANGE_LOOP_ANALYSIS = YES;
				CLANG_WARN_STRICT_PROTOTYPES = YES;
				CLANG_WARN_SUSPICIOUS_MOVE = YES;
				CLANG_WARN_UNGUARDED_AVAILABILITY = YES_AGGRESSIVE;
				CLANG_WARN_UNREACHABLE_CODE = YES;
				CLANG_WARN__DUPLICATE_METHOD_MATCH = YES;
				COPY_PHASE_STRIP = NO;
				DEBUG_INFORMATION_FORMAT = "dwarf-with-dsym";
				ENABLE_NS_ASSERTIONS = NO;
				ENABLE_STRICT_OBJC_MSGSEND = YES;
				GCC_C_LANGUAGE_STANDARD = gnu11;
				GCC_NO_COMMON_BLOCKS = YES;
				GCC_WARN_64_TO_32_BIT_CONVERSION = YES;
				GCC_WARN_ABOUT_RETURN_TYPE = YES_ERROR;
				GCC_WARN_UNDECLARED_SELECTOR = YES;
				GCC_WARN_UNINITIALIZED_AUTOS = YES_AGGRESSIVE;
				GCC_WARN_UNUSED_FUNCTION = YES;
				GCC_WARN_UNUSED_VARIABLE = YES;
				IPHONEOS_DEPLOYMENT_TARGET = 14.0;
				MTL_ENABLE_DEBUG_INFO = NO;
				MTL_FAST_MATH = YES;
				SDKROOT = iphoneos;
				SWIFT_COMPILATION_MODE = wholemodule;
				SWIFT_OPTIMIZATION_LEVEL = "-O";
				VALIDATE_PRODUCT = YES;
			};
			name = Release;
		};
		52C1F4E4252A2BC2004DAAEF /* Debug */ = {
			isa = XCBuildConfiguration;
			buildSettings = {
				ASSETCATALOG_COMPILER_APPICON_NAME = "iMessage App Icon";
				CODE_SIGN_STYLE = Automatic;
				DEVELOPMENT_TEAM = 3PTYV272Z4;
				INFOPLIST_FILE = "TimeShare MessagesExtension/Info.plist";
				IPHONEOS_DEPLOYMENT_TARGET = 13.0;
				LD_RUNPATH_SEARCH_PATHS = (
					"$(inherited)",
					"@executable_path/Frameworks",
					"@executable_path/../../Frameworks",
				);
				PRODUCT_BUNDLE_IDENTIFIER = ua.com.kr.ssh.TimeShare.MessagesExtension;
				PRODUCT_NAME = "$(TARGET_NAME)";
				SKIP_INSTALL = YES;
				SWIFT_VERSION = 5.0;
				TARGETED_DEVICE_FAMILY = 1;
			};
			name = Debug;
		};
		52C1F4E5252A2BC2004DAAEF /* Release */ = {
			isa = XCBuildConfiguration;
			buildSettings = {
				ASSETCATALOG_COMPILER_APPICON_NAME = "iMessage App Icon";
				CODE_SIGN_STYLE = Automatic;
				DEVELOPMENT_TEAM = 3PTYV272Z4;
				INFOPLIST_FILE = "TimeShare MessagesExtension/Info.plist";
				IPHONEOS_DEPLOYMENT_TARGET = 13.0;
				LD_RUNPATH_SEARCH_PATHS = (
					"$(inherited)",
					"@executable_path/Frameworks",
					"@executable_path/../../Frameworks",
				);
				PRODUCT_BUNDLE_IDENTIFIER = ua.com.kr.ssh.TimeShare.MessagesExtension;
				PRODUCT_NAME = "$(TARGET_NAME)";
				SKIP_INSTALL = YES;
				SWIFT_VERSION = 5.0;
				TARGETED_DEVICE_FAMILY = 1;
			};
			name = Release;
		};
		52C1F4E8252A2BC2004DAAEF /* Debug */ = {
			isa = XCBuildConfiguration;
			buildSettings = {
				ALWAYS_EMBED_SWIFT_STANDARD_LIBRARIES = YES;
				ASSETCATALOG_COMPILER_APPICON_NAME = AppIcon;
				CODE_SIGN_STYLE = Automatic;
				DEVELOPMENT_TEAM = 3PTYV272Z4;
				INFOPLIST_FILE = TimeShare/Info.plist;
				IPHONEOS_DEPLOYMENT_TARGET = 13.1;
				PRODUCT_BUNDLE_IDENTIFIER = ua.com.kr.ssh.TimeShare;
				PRODUCT_NAME = "$(TARGET_NAME)";
				SWIFT_VERSION = 5.0;
				TARGETED_DEVICE_FAMILY = "1,2";
			};
			name = Debug;
		};
		52C1F4E9252A2BC2004DAAEF /* Release */ = {
			isa = XCBuildConfiguration;
			buildSettings = {
				ALWAYS_EMBED_SWIFT_STANDARD_LIBRARIES = YES;
				ASSETCATALOG_COMPILER_APPICON_NAME = AppIcon;
				CODE_SIGN_STYLE = Automatic;
				DEVELOPMENT_TEAM = 3PTYV272Z4;
				INFOPLIST_FILE = TimeShare/Info.plist;
				IPHONEOS_DEPLOYMENT_TARGET = 13.1;
				PRODUCT_BUNDLE_IDENTIFIER = ua.com.kr.ssh.TimeShare;
				PRODUCT_NAME = "$(TARGET_NAME)";
				SWIFT_VERSION = 5.0;
				TARGETED_DEVICE_FAMILY = "1,2";
			};
			name = Release;
		};
/* End XCBuildConfiguration section */

/* Begin XCConfigurationList section */
		52C1F4C4252A2BC0004DAAEF /* Build configuration list for PBXProject "TimeShare" */ = {
			isa = XCConfigurationList;
			buildConfigurations = (
				52C1F4E1252A2BC2004DAAEF /* Debug */,
				52C1F4E2252A2BC2004DAAEF /* Release */,
			);
			defaultConfigurationIsVisible = 0;
			defaultConfigurationName = Release;
		};
		52C1F4E3252A2BC2004DAAEF /* Build configuration list for PBXNativeTarget "TimeShare MessagesExtension" */ = {
			isa = XCConfigurationList;
			buildConfigurations = (
				52C1F4E4252A2BC2004DAAEF /* Debug */,
				52C1F4E5252A2BC2004DAAEF /* Release */,
			);
			defaultConfigurationIsVisible = 0;
			defaultConfigurationName = Release;
		};
		52C1F4E7252A2BC2004DAAEF /* Build configuration list for PBXNativeTarget "TimeShare" */ = {
			isa = XCConfigurationList;
			buildConfigurations = (
				52C1F4E8252A2BC2004DAAEF /* Debug */,
				52C1F4E9252A2BC2004DAAEF /* Release */,
			);
			defaultConfigurationIsVisible = 0;
			defaultConfigurationName = Release;
		};
/* End XCConfigurationList section */
	};
	rootObject = 52C1F4C1252A2BC0004DAAEF /* Project object */;
}
